
Microsoft Visual Studio Solution File, Format Version 12.00
Project("{2150E333-8FDC-42A3-9474-1A3956D46DE8}") = "Application", "Application", "{002E4C6F-8E2A-41FB-8CC8-38DB505DA681}"
EndProject
Project("{2150E333-8FDC-42A3-9474-1A3956D46DE8}") = "Domain", "Domain", "{145E2176-7157-497C-B649-B77927A1B124}"
EndProject
Project("{2150E333-8FDC-42A3-9474-1A3956D46DE8}") = "Infrastructure", "Infrastructure", "{AD32F103-9580-4473-A835-9215EAC5519E}"
EndProject
Project("{FAE04EC0-301F-11D3-BF4B-00C04F79EFBC}") = "SensorAccounting.Domain", "SensorAccounting.Domain\SensorAccounting.Domain.csproj", "{69C9B47B-4C9A-48BA-88AF-F4AA0754C3FB}"
EndProject
Project("{FAE04EC0-301F-11D3-BF4B-00C04F79EFBC}") = "SensorAccounting.Data", "SensorAccounting.Data\SensorAccounting.Data.csproj", "{0117DA61-487A-49DE-98B7-C427D15225F4}"
EndProject
Project("{FAE04EC0-301F-11D3-BF4B-00C04F79EFBC}") = "SensorAccounting.App", "SensorAccounting.App\SensorAccounting.App.csproj", "{6B89D9B3-8595-4721-80D8-F7E449469D73}"
EndProject
Project("{FAE04EC0-301F-11D3-BF4B-00C04F79EFBC}") = "SensorAccounting.API", "SensorAccounting.API\SensorAccounting.API.csproj", "{A19BC154-0C0C-47D5-B6C8-E7D97E6D2782}"
EndProject
Global
	GlobalSection(SolutionConfigurationPlatforms) = preSolution
		Debug|Any CPU = Debug|Any CPU
		Release|Any CPU = Release|Any CPU
	EndGlobalSection
	GlobalSection(ProjectConfigurationPlatforms) = postSolution
		{69C9B47B-4C9A-48BA-88AF-F4AA0754C3FB}.Debug|Any CPU.ActiveCfg = Debug|Any CPU
		{69C9B47B-4C9A-48BA-88AF-F4AA0754C3FB}.Debug|Any CPU.Build.0 = Debug|Any CPU
		{69C9B47B-4C9A-48BA-88AF-F4AA0754C3FB}.Release|Any CPU.ActiveCfg = Release|Any CPU
		{69C9B47B-4C9A-48BA-88AF-F4AA0754C3FB}.Release|Any CPU.Build.0 = Release|Any CPU
		{0117DA61-487A-49DE-98B7-C427D15225F4}.Debug|Any CPU.ActiveCfg = Debug|Any CPU
		{0117DA61-487A-49DE-98B7-C427D15225F4}.Debug|Any CPU.Build.0 = Debug|Any CPU
		{0117DA61-487A-49DE-98B7-C427D15225F4}.Release|Any CPU.ActiveCfg = Release|Any CPU
		{0117DA61-487A-49DE-98B7-C427D15225F4}.Release|Any CPU.Build.0 = Release|Any CPU
		{6B89D9B3-8595-4721-80D8-F7E449469D73}.Debug|Any CPU.ActiveCfg = Debug|Any CPU
		{6B89D9B3-8595-4721-80D8-F7E449469D73}.Debug|Any CPU.Build.0 = Debug|Any CPU
		{6B89D9B3-8595-4721-80D8-F7E449469D73}.Release|Any CPU.ActiveCfg = Release|Any CPU
		{6B89D9B3-8595-4721-80D8-F7E449469D73}.Release|Any CPU.Build.0 = Release|Any CPU
		{A19BC154-0C0C-47D5-B6C8-E7D97E6D2782}.Debug|Any CPU.ActiveCfg = Debug|Any CPU
		{A19BC154-0C0C-47D5-B6C8-E7D97E6D2782}.Debug|Any CPU.Build.0 = Debug|Any CPU
		{A19BC154-0C0C-47D5-B6C8-E7D97E6D2782}.Release|Any CPU.ActiveCfg = Release|Any CPU
		{A19BC154-0C0C-47D5-B6C8-E7D97E6D2782}.Release|Any CPU.Build.0 = Release|Any CPU
	EndGlobalSection
	GlobalSection(NestedProjects) = preSolution
		{69C9B47B-4C9A-48BA-88AF-F4AA0754C3FB} = {145E2176-7157-497C-B649-B77927A1B124}
		{0117DA61-487A-49DE-98B7-C427D15225F4} = {AD32F103-9580-4473-A835-9215EAC5519E}
		{6B89D9B3-8595-4721-80D8-F7E449469D73} = {002E4C6F-8E2A-41FB-8CC8-38DB505DA681}
		{A19BC154-0C0C-47D5-B6C8-E7D97E6D2782} = {AD32F103-9580-4473-A835-9215EAC5519E}
	EndGlobalSection
EndGlobal
